
Microsoft Visual Studio Solution File, Format Version 12.00
# Visual Studio Version 16
VisualStudioVersion = 16.0.30204.135
MinimumVisualStudioVersion = 10.0.40219.1
Project("{FAE04EC0-301F-11D3-BF4B-00C04F79EFBC}") = "BlazorAppMulti", "BlazorAppMulti.csproj", "{436005A3-429A-41DE-8A1D-E0C90187F52F}"
EndProject
Project("{FAE04EC0-301F-11D3-BF4B-00C04F79EFBC}") = "BlazorAppMultiCustomer", "..\BlazorAppMultiCustomer\BlazorAppMultiCustomer.csproj", "{5A182ACC-5F3A-4112-8969-C19D0622EE0F}"
EndProject
Project("{2150E333-8FDC-42A3-9474-1A3956D46DE8}") = "Deployment", "Deployment", "{95B3A0E1-055A-4460-B8D8-3155C13ED9B2}"
EndProject
Global
	GlobalSection(SolutionConfigurationPlatforms) = preSolution
		Debug|Any CPU = Debug|Any CPU
		Release|Any CPU = Release|Any CPU
	EndGlobalSection
	GlobalSection(ProjectConfigurationPlatforms) = postSolution
		{436005A3-429A-41DE-8A1D-E0C90187F52F}.Debug|Any CPU.ActiveCfg = Debug|Any CPU
		{436005A3-429A-41DE-8A1D-E0C90187F52F}.Debug|Any CPU.Build.0 = Debug|Any CPU
		{436005A3-429A-41DE-8A1D-E0C90187F52F}.Release|Any CPU.ActiveCfg = Release|Any CPU
		{436005A3-429A-41DE-8A1D-E0C90187F52F}.Release|Any CPU.Build.0 = Release|Any CPU
		{5A182ACC-5F3A-4112-8969-C19D0622EE0F}.Debug|Any CPU.ActiveCfg = Debug|Any CPU
		{5A182ACC-5F3A-4112-8969-C19D0622EE0F}.Debug|Any CPU.Build.0 = Debug|Any CPU
		{5A182ACC-5F3A-4112-8969-C19D0622EE0F}.Release|Any CPU.ActiveCfg = Release|Any CPU
		{5A182ACC-5F3A-4112-8969-C19D0622EE0F}.Release|Any CPU.Build.0 = Release|Any CPU
	EndGlobalSection
	GlobalSection(SolutionProperties) = preSolution
		HideSolutionNode = FALSE
	EndGlobalSection
	GlobalSection(ExtensibilityGlobals) = postSolution
		SolutionGuid = {A49E72E2-3139-42C2-85B8-F38D5C8759AF}
	EndGlobalSection
EndGlobal
